
Microsoft Visual Studio Solution File, Format Version 12.00
# Visual Studio Version 16
VisualStudioVersion = 16.0.32630.194
MinimumVisualStudioVersion = 10.0.40219.1
Project("{FAE04EC0-301F-11D3-BF4B-00C04F79EFBC}") = "UsingGenrics-MaxFind", "UsingGenrics-MaxFind.csproj", "{37CBE033-4662-4A44-871D-6D3E7AF865EB}"
EndProject
Global
	GlobalSection(SolutionConfigurationPlatforms) = preSolution
		Debug|Any CPU = Debug|Any CPU
		Release|Any CPU = Release|Any CPU
	EndGlobalSection
	GlobalSection(ProjectConfigurationPlatforms) = postSolution
		{37CBE033-4662-4A44-871D-6D3E7AF865EB}.Debug|Any CPU.ActiveCfg = Debug|Any CPU
		{37CBE033-4662-4A44-871D-6D3E7AF865EB}.Debug|Any CPU.Build.0 = Debug|Any CPU
		{37CBE033-4662-4A44-871D-6D3E7AF865EB}.Release|Any CPU.ActiveCfg = Release|Any CPU
		{37CBE033-4662-4A44-871D-6D3E7AF865EB}.Release|Any CPU.Build.0 = Release|Any CPU
	EndGlobalSection
	GlobalSection(SolutionProperties) = preSolution
		HideSolutionNode = FALSE
	EndGlobalSection
	GlobalSection(ExtensibilityGlobals) = postSolution
		SolutionGuid = {C06C2DB5-431F-4F97-BFDA-800855E167AA}
	EndGlobalSection
EndGlobal
